<?xml version="1.0" encoding="utf-8"?>
<Project ToolsVersion="4.0" xmlns="http://schemas.microsoft.com/developer/msbuild/2003">
  <ItemGroup>
    <ClCompile Include="RTRad\RTRad.cpp" />
    <ClCompile Include="Main.cpp" />
    <ClCompile Include="RTRad\RenderPasses\CITPass\CITPass.cpp" />
    <ClCompile Include="RTRad\RenderPasses\RTLightmapPass.cpp" />
    <ClCompile Include="RTRad\RenderPasses\VITPass.cpp" />
    <ClCompile Include="RTRad\RenderPasses\CVMPass.cpp" />
    <ClCompile Include="RTRad\Core\BasePipelineElement.cpp" />
    <ClCompile Include="RTRad\Core\BaseRenderPass.cpp" />
    <ClCompile Include="RTRad\Core\BaseRasterPass.cpp" />
  </ItemGroup>
  <ItemGroup>
    <ClInclude Include="RTRad\RTRad.h" />
    <ClInclude Include="RTRad\Core\common.h" />
    <ClInclude Include="RTRad\RenderPasses\CITPass\CITPass.h" />
    <ClInclude Include="RTRad\RenderPasses\RTLightmapPass.h" />
    <ClInclude Include="RTRad\RenderPasses\VITPass.h" />
    <ClInclude Include="Tools\SceneLoader.h" />
    <ClInclude Include="RTRad\RenderPasses\CVMPass.h" />
    <ClInclude Include="RTRad\Core\BasePipelineElement.h" />
    <ClInclude Include="RTRad\Core\BaseRenderPass.h" />
    <ClInclude Include="RTRad\Core\BaseRasterPass.h" />
    <ClInclude Include="RTRad\Core\SettingsObject.h" />
  </ItemGroup>
  <ItemGroup>
    <ShaderSource Include="RTRad\RenderPasses\CITPass\Shaders\CITP.gs.hlsl" />
    <ShaderSource Include="RTRad\RenderPasses\CITPass\Shaders\CITP.ps.hlsl" />
    <ShaderSource Include="RTRad\RenderPasses\CITPass\Shaders\CITP.vs.hlsl" />
    <ShaderSource Include="RTRad\RenderPasses\Shaders\FixSeams.ps.hlsl" />
    <ShaderSource Include="RTRad\RenderPasses\Shaders\rayTracedLightMap.rt.hlsl" />
    <ShaderSource Include="RTRad\RenderPasses\Shaders\VITP.ps.hlsl" />
    <ShaderSource Include="RTRad\RenderPasses\Shaders\VITP.vs.hlsl" />
    <ShaderSource Include="RTRad\RenderPasses\Shaders\rayTracedLightMap2.rt.hlsl" />
    <ShaderSource Include="RTRad\RenderPasses\Shaders\CVMP.gs.hlsl" />
    <ShaderSource Include="RTRad\RenderPasses\Shaders\CVMP.ps.hlsl" />
    <ShaderSource Include="RTRad\RenderPasses\Shaders\CVMP.vs.hlsl" />
  </ItemGroup>
</Project>