<?xml version="1.0" encoding="utf-8"?>
<Project ToolsVersion="4.0" xmlns="http://schemas.microsoft.com/developer/msbuild/2003">
  <ItemGroup>
    <ClCompile Include="RTRad.cpp" />
    <ClCompile Include="Main.cpp" />
    <ClCompile Include="RenderPasses\CITPass.cpp" />
    <ClCompile Include="RenderPasses\RTLightmapPass.cpp" />
    <ClCompile Include="RenderPasses\VITPass.cpp" />
    <ClCompile Include="RenderPasses\CVMPass.cpp" />
    <ClCompile Include="BasePipelineElement.cpp" />
    <ClCompile Include="BaseRenderPass.cpp" />
    <ClCompile Include="BaseRasterPass.cpp" />
  </ItemGroup>
  <ItemGroup>
    <ClInclude Include="RTRad.h" />
    <ClInclude Include="common.h" />
    <ClInclude Include="RenderPasses\CITPass.h" />
    <ClInclude Include="RenderPasses\RTLightmapPass.h" />
    <ClInclude Include="RenderPasses\VITPass.h" />
    <ClInclude Include="Tools\SceneLoader.h" />
    <ClInclude Include="RenderPasses\CVMPass.h" />
    <ClInclude Include="BasePipelineElement.h" />
    <ClInclude Include="BaseRenderPass.h" />
    <ClInclude Include="BaseRasterPass.h" />
    <ClInclude Include="SettingsObject.h" />
  </ItemGroup>
  <ItemGroup>
    <ShaderSource Include="RenderPasses\Shaders\CITP.gs.hlsl" />
    <ShaderSource Include="RenderPasses\Shaders\CITP.ps.hlsl" />
    <ShaderSource Include="RenderPasses\Shaders\CITP.vs.hlsl" />
    <ShaderSource Include="RenderPasses\Shaders\FixSeams.ps.hlsl" />
    <ShaderSource Include="RenderPasses\Shaders\rayTracedLightMap.rt.hlsl" />
    <ShaderSource Include="RenderPasses\Shaders\VITP.ps.hlsl" />
    <ShaderSource Include="RenderPasses\Shaders\VITP.vs.hlsl" />
    <ShaderSource Include="RenderPasses\Shaders\rayTracedLightMap2.rt.hlsl" />
    <ShaderSource Include="RenderPasses\Shaders\CVMP.gs.hlsl" />
    <ShaderSource Include="RenderPasses\Shaders\CVMP.ps.hlsl" />
    <ShaderSource Include="RenderPasses\Shaders\CVMP.vs.hlsl" />
  </ItemGroup>
</Project>