<?xml version="1.0" encoding="utf-8"?>
<Project ToolsVersion="4.0" xmlns="http://schemas.microsoft.com/developer/msbuild/2003">
  <ItemGroup>
    <ClCompile Include="RTRad.cpp" />
    <ClCompile Include="Main.cpp" />
    <ClCompile Include="CITPass.cpp" />
    <ClCompile Include="VITPass.cpp" />
    <ClCompile Include="RTLightmapPass.cpp" />
  </ItemGroup>
  <ItemGroup>
    <ClInclude Include="RTRad.h" />
    <ClInclude Include="CITPass.h" />
    <ClInclude Include="VITPass.h" />
    <ClInclude Include="RTLightmapPass.h" />
    <ClInclude Include="common.h" />
  </ItemGroup>
  <ItemGroup>
    <ShaderSource Include="CITP.ps.hlsl" />
    <ShaderSource Include="CITP.vs.hlsl" />
    <ShaderSource Include="VITP.ps.hlsl" />
    <ShaderSource Include="VITP.vs.hlsl" />
    <ShaderSource Include="rayTracedLightMap.rt.hlsl" />
    <ShaderSource Include="CITP.gs.hlsl" />
    <ShaderSource Include="FixSeams.ps.hlsl" />
  </ItemGroup>
</Project>